// !$*UTF8*$!
{
	archiveVersion = 1;
	classes = {
	};
	objectVersion = 50;
	objects = {

/* Begin PBXBuildFile section */
		EC133585229C04960050B06B /* DranikTests.swift in Sources */ = {isa = PBXBuildFile; fileRef = EC133584229C04960050B06B /* DranikTests.swift */; };
		EC7239202297D3D500FD8FDE /* AppDelegate.swift in Sources */ = {isa = PBXBuildFile; fileRef = EC72391F2297D3D500FD8FDE /* AppDelegate.swift */; };
		EC7239222297D3D500FD8FDE /* ViewController.swift in Sources */ = {isa = PBXBuildFile; fileRef = EC7239212297D3D500FD8FDE /* ViewController.swift */; };
		EC7239252297D3D500FD8FDE /* Main.storyboard in Resources */ = {isa = PBXBuildFile; fileRef = EC7239232297D3D500FD8FDE /* Main.storyboard */; };
		EC7239272297D3D700FD8FDE /* Assets.xcassets in Resources */ = {isa = PBXBuildFile; fileRef = EC7239262297D3D700FD8FDE /* Assets.xcassets */; };
		EC72392A2297D3D700FD8FDE /* LaunchScreen.storyboard in Resources */ = {isa = PBXBuildFile; fileRef = EC7239282297D3D700FD8FDE /* LaunchScreen.storyboard */; };
		EC7239332297D43C00FD8FDE /* Observable.swift in Sources */ = {isa = PBXBuildFile; fileRef = EC7239322297D43C00FD8FDE /* Observable.swift */; };
		EC7239362297DB8400FD8FDE /* UITextField+Dranik.swift in Sources */ = {isa = PBXBuildFile; fileRef = EC7239352297DB8400FD8FDE /* UITextField+Dranik.swift */; };
		EC7239382297DC8E00FD8FDE /* ObservationTarget.swift in Sources */ = {isa = PBXBuildFile; fileRef = EC7239372297DC8E00FD8FDE /* ObservationTarget.swift */; };
		EC72393A2297F28000FD8FDE /* Sink.swift in Sources */ = {isa = PBXBuildFile; fileRef = EC7239392297F28000FD8FDE /* Sink.swift */; };
		EC72393C2297F78F00FD8FDE /* Event.swift in Sources */ = {isa = PBXBuildFile; fileRef = EC72393B2297F78F00FD8FDE /* Event.swift */; };
		EC72393E229801C600FD8FDE /* Disposable.swift in Sources */ = {isa = PBXBuildFile; fileRef = EC72393D229801C600FD8FDE /* Disposable.swift */; };
		EC7239402298039800FD8FDE /* DisposeBag.swift in Sources */ = {isa = PBXBuildFile; fileRef = EC72393F2298039800FD8FDE /* DisposeBag.swift */; };
/* End PBXBuildFile section */

/* Begin PBXContainerItemProxy section */
		EC133587229C04960050B06B /* PBXContainerItemProxy */ = {
			isa = PBXContainerItemProxy;
			containerPortal = EC7239142297D3D500FD8FDE /* Project object */;
			proxyType = 1;
			remoteGlobalIDString = EC72391B2297D3D500FD8FDE;
			remoteInfo = Dranik;
		};
/* End PBXContainerItemProxy section */

/* Begin PBXFileReference section */
		EC133582229C04960050B06B /* DranikTests.xctest */ = {isa = PBXFileReference; explicitFileType = wrapper.cfbundle; includeInIndex = 0; path = DranikTests.xctest; sourceTree = BUILT_PRODUCTS_DIR; };
		EC133584229C04960050B06B /* DranikTests.swift */ = {isa = PBXFileReference; lastKnownFileType = sourcecode.swift; path = DranikTests.swift; sourceTree = "<group>"; };
		EC133586229C04960050B06B /* Info.plist */ = {isa = PBXFileReference; lastKnownFileType = text.plist.xml; path = Info.plist; sourceTree = "<group>"; };
		EC72391C2297D3D500FD8FDE /* Dranik.app */ = {isa = PBXFileReference; explicitFileType = wrapper.application; includeInIndex = 0; path = Dranik.app; sourceTree = BUILT_PRODUCTS_DIR; };
		EC72391F2297D3D500FD8FDE /* AppDelegate.swift */ = {isa = PBXFileReference; lastKnownFileType = sourcecode.swift; path = AppDelegate.swift; sourceTree = "<group>"; };
		EC7239212297D3D500FD8FDE /* ViewController.swift */ = {isa = PBXFileReference; lastKnownFileType = sourcecode.swift; path = ViewController.swift; sourceTree = "<group>"; };
		EC7239242297D3D500FD8FDE /* Base */ = {isa = PBXFileReference; lastKnownFileType = file.storyboard; name = Base; path = Base.lproj/Main.storyboard; sourceTree = "<group>"; };
		EC7239262297D3D700FD8FDE /* Assets.xcassets */ = {isa = PBXFileReference; lastKnownFileType = folder.assetcatalog; path = Assets.xcassets; sourceTree = "<group>"; };
		EC7239292297D3D700FD8FDE /* Base */ = {isa = PBXFileReference; lastKnownFileType = file.storyboard; name = Base; path = Base.lproj/LaunchScreen.storyboard; sourceTree = "<group>"; };
		EC72392B2297D3D700FD8FDE /* Info.plist */ = {isa = PBXFileReference; lastKnownFileType = text.plist.xml; path = Info.plist; sourceTree = "<group>"; };
		EC7239322297D43C00FD8FDE /* Observable.swift */ = {isa = PBXFileReference; lastKnownFileType = sourcecode.swift; path = Observable.swift; sourceTree = "<group>"; };
		EC7239352297DB8400FD8FDE /* UITextField+Dranik.swift */ = {isa = PBXFileReference; lastKnownFileType = sourcecode.swift; path = "UITextField+Dranik.swift"; sourceTree = "<group>"; };
		EC7239372297DC8E00FD8FDE /* ObservationTarget.swift */ = {isa = PBXFileReference; lastKnownFileType = sourcecode.swift; path = ObservationTarget.swift; sourceTree = "<group>"; };
		EC7239392297F28000FD8FDE /* Sink.swift */ = {isa = PBXFileReference; lastKnownFileType = sourcecode.swift; path = Sink.swift; sourceTree = "<group>"; };
		EC72393B2297F78F00FD8FDE /* Event.swift */ = {isa = PBXFileReference; lastKnownFileType = sourcecode.swift; path = Event.swift; sourceTree = "<group>"; };
		EC72393D229801C600FD8FDE /* Disposable.swift */ = {isa = PBXFileReference; lastKnownFileType = sourcecode.swift; path = Disposable.swift; sourceTree = "<group>"; };
		EC72393F2298039800FD8FDE /* DisposeBag.swift */ = {isa = PBXFileReference; lastKnownFileType = sourcecode.swift; path = DisposeBag.swift; sourceTree = "<group>"; };
/* End PBXFileReference section */

/* Begin PBXFrameworksBuildPhase section */
		EC13357F229C04960050B06B /* Frameworks */ = {
			isa = PBXFrameworksBuildPhase;
			buildActionMask = 2147483647;
			files = (
			);
			runOnlyForDeploymentPostprocessing = 0;
		};
		EC7239192297D3D500FD8FDE /* Frameworks */ = {
			isa = PBXFrameworksBuildPhase;
			buildActionMask = 2147483647;
			files = (
			);
			runOnlyForDeploymentPostprocessing = 0;
		};
/* End PBXFrameworksBuildPhase section */

/* Begin PBXGroup section */
		EC133583229C04960050B06B /* DranikTests */ = {
			isa = PBXGroup;
			children = (
				EC133584229C04960050B06B /* DranikTests.swift */,
				EC133586229C04960050B06B /* Info.plist */,
			);
			path = DranikTests;
			sourceTree = "<group>";
		};
		EC7239132297D3D500FD8FDE = {
			isa = PBXGroup;
			children = (
				EC72391E2297D3D500FD8FDE /* Dranik */,
				EC133583229C04960050B06B /* DranikTests */,
				EC72391D2297D3D500FD8FDE /* Products */,
			);
			sourceTree = "<group>";
		};
		EC72391D2297D3D500FD8FDE /* Products */ = {
			isa = PBXGroup;
			children = (
				EC72391C2297D3D500FD8FDE /* Dranik.app */,
				EC133582229C04960050B06B /* DranikTests.xctest */,
			);
			name = Products;
			sourceTree = "<group>";
		};
		EC72391E2297D3D500FD8FDE /* Dranik */ = {
			isa = PBXGroup;
			children = (
				EC7239312297D42800FD8FDE /* Reactive Library */,
				EC72391F2297D3D500FD8FDE /* AppDelegate.swift */,
				EC7239212297D3D500FD8FDE /* ViewController.swift */,
				EC7239232297D3D500FD8FDE /* Main.storyboard */,
				EC7239262297D3D700FD8FDE /* Assets.xcassets */,
				EC7239282297D3D700FD8FDE /* LaunchScreen.storyboard */,
				EC72392B2297D3D700FD8FDE /* Info.plist */,
			);
			path = Dranik;
			sourceTree = "<group>";
		};
		EC7239312297D42800FD8FDE /* Reactive Library */ = {
			isa = PBXGroup;
			children = (
				EC7239342297DB5900FD8FDE /* UIKitExtentions */,
				EC7239322297D43C00FD8FDE /* Observable.swift */,
				EC7239392297F28000FD8FDE /* Sink.swift */,
				EC72393B2297F78F00FD8FDE /* Event.swift */,
				EC72393D229801C600FD8FDE /* Disposable.swift */,
				EC72393F2298039800FD8FDE /* DisposeBag.swift */,
			);
			path = "Reactive Library";
			sourceTree = "<group>";
		};
		EC7239342297DB5900FD8FDE /* UIKitExtentions */ = {
			isa = PBXGroup;
			children = (
				EC7239352297DB8400FD8FDE /* UITextField+Dranik.swift */,
				EC7239372297DC8E00FD8FDE /* ObservationTarget.swift */,
			);
			path = UIKitExtentions;
			sourceTree = "<group>";
		};
/* End PBXGroup section */

/* Begin PBXNativeTarget section */
		EC133581229C04960050B06B /* DranikTests */ = {
			isa = PBXNativeTarget;
			buildConfigurationList = EC13358B229C04960050B06B /* Build configuration list for PBXNativeTarget "DranikTests" */;
			buildPhases = (
				EC13357E229C04960050B06B /* Sources */,
				EC13357F229C04960050B06B /* Frameworks */,
				EC133580229C04960050B06B /* Resources */,
			);
			buildRules = (
			);
			dependencies = (
				EC133588229C04960050B06B /* PBXTargetDependency */,
			);
			name = DranikTests;
			productName = DranikTests;
			productReference = EC133582229C04960050B06B /* DranikTests.xctest */;
			productType = "com.apple.product-type.bundle.unit-test";
		};
		EC72391B2297D3D500FD8FDE /* Dranik */ = {
			isa = PBXNativeTarget;
			buildConfigurationList = EC72392E2297D3D700FD8FDE /* Build configuration list for PBXNativeTarget "Dranik" */;
			buildPhases = (
				EC7239182297D3D500FD8FDE /* Sources */,
				EC7239192297D3D500FD8FDE /* Frameworks */,
				EC72391A2297D3D500FD8FDE /* Resources */,
			);
			buildRules = (
			);
			dependencies = (
			);
			name = Dranik;
			productName = Dranik;
			productReference = EC72391C2297D3D500FD8FDE /* Dranik.app */;
			productType = "com.apple.product-type.application";
		};
/* End PBXNativeTarget section */

/* Begin PBXProject section */
		EC7239142297D3D500FD8FDE /* Project object */ = {
			isa = PBXProject;
			attributes = {
				LastSwiftUpdateCheck = 1020;
				LastUpgradeCheck = 1020;
				ORGANIZATIONNAME = "Azarov Alex";
				TargetAttributes = {
					EC133581229C04960050B06B = {
						CreatedOnToolsVersion = 10.2.1;
						TestTargetID = EC72391B2297D3D500FD8FDE;
					};
					EC72391B2297D3D500FD8FDE = {
						CreatedOnToolsVersion = 10.2.1;
					};
				};
			};
			buildConfigurationList = EC7239172297D3D500FD8FDE /* Build configuration list for PBXProject "Dranik" */;
			compatibilityVersion = "Xcode 9.3";
			developmentRegion = en;
			hasScannedForEncodings = 0;
			knownRegions = (
				en,
				Base,
			);
			mainGroup = EC7239132297D3D500FD8FDE;
			productRefGroup = EC72391D2297D3D500FD8FDE /* Products */;
			projectDirPath = "";
			projectRoot = "";
			targets = (
				EC72391B2297D3D500FD8FDE /* Dranik */,
				EC133581229C04960050B06B /* DranikTests */,
			);
		};
/* End PBXProject section */

/* Begin PBXResourcesBuildPhase section */
		EC133580229C04960050B06B /* Resources */ = {
			isa = PBXResourcesBuildPhase;
			buildActionMask = 2147483647;
			files = (
			);
			runOnlyForDeploymentPostprocessing = 0;
		};
		EC72391A2297D3D500FD8FDE /* Resources */ = {
			isa = PBXResourcesBuildPhase;
			buildActionMask = 2147483647;
			files = (
				EC72392A2297D3D700FD8FDE /* LaunchScreen.storyboard in Resources */,
				EC7239272297D3D700FD8FDE /* Assets.xcassets in Resources */,
				EC7239252297D3D500FD8FDE /* Main.storyboard in Resources */,
			);
			runOnlyForDeploymentPostprocessing = 0;
		};
/* End PBXResourcesBuildPhase section */

/* Begin PBXSourcesBuildPhase section */
		EC13357E229C04960050B06B /* Sources */ = {
			isa = PBXSourcesBuildPhase;
			buildActionMask = 2147483647;
			files = (
				EC133585229C04960050B06B /* DranikTests.swift in Sources */,
			);
			runOnlyForDeploymentPostprocessing = 0;
		};
		EC7239182297D3D500FD8FDE /* Sources */ = {
			isa = PBXSourcesBuildPhase;
			buildActionMask = 2147483647;
			files = (
				EC7239382297DC8E00FD8FDE /* ObservationTarget.swift in Sources */,
				EC72393E229801C600FD8FDE /* Disposable.swift in Sources */,
				EC7239402298039800FD8FDE /* DisposeBag.swift in Sources */,
				EC7239222297D3D500FD8FDE /* ViewController.swift in Sources */,
				EC72393A2297F28000FD8FDE /* Sink.swift in Sources */,
				EC7239332297D43C00FD8FDE /* Observable.swift in Sources */,
				EC7239362297DB8400FD8FDE /* UITextField+Dranik.swift in Sources */,
				EC72393C2297F78F00FD8FDE /* Event.swift in Sources */,
				EC7239202297D3D500FD8FDE /* AppDelegate.swift in Sources */,
			);
			runOnlyForDeploymentPostprocessing = 0;
		};
/* End PBXSourcesBuildPhase section */

/* Begin PBXTargetDependency section */
		EC133588229C04960050B06B /* PBXTargetDependency */ = {
			isa = PBXTargetDependency;
			target = EC72391B2297D3D500FD8FDE /* Dranik */;
			targetProxy = EC133587229C04960050B06B /* PBXContainerItemProxy */;
		};
/* End PBXTargetDependency section */

/* Begin PBXVariantGroup section */
		EC7239232297D3D500FD8FDE /* Main.storyboard */ = {
			isa = PBXVariantGroup;
			children = (
				EC7239242297D3D500FD8FDE /* Base */,
			);
			name = Main.storyboard;
			sourceTree = "<group>";
		};
		EC7239282297D3D700FD8FDE /* LaunchScreen.storyboard */ = {
			isa = PBXVariantGroup;
			children = (
				EC7239292297D3D700FD8FDE /* Base */,
			);
			name = LaunchScreen.storyboard;
			sourceTree = "<group>";
		};
/* End PBXVariantGroup section */

/* Begin XCBuildConfiguration section */
		EC133589229C04960050B06B /* Debug */ = {
			isa = XCBuildConfiguration;
			buildSettings = {
				BUNDLE_LOADER = "$(TEST_HOST)";
				CODE_SIGN_STYLE = Automatic;
				INFOPLIST_FILE = DranikTests/Info.plist;
				LD_RUNPATH_SEARCH_PATHS = (
					"$(inherited)",
					"@executable_path/Frameworks",
					"@loader_path/Frameworks",
				);
				PRODUCT_BUNDLE_IDENTIFIER = by.azarov.DranikTests;
				PRODUCT_NAME = "$(TARGET_NAME)";
				SWIFT_VERSION = 5.0;
				TARGETED_DEVICE_FAMILY = "1,2";
				TEST_HOST = "$(BUILT_PRODUCTS_DIR)/Dranik.app/Dranik";
			};
			name = Debug;
		};
		EC13358A229C04960050B06B /* Release */ = {
			isa = XCBuildConfiguration;
			buildSettings = {
				BUNDLE_LOADER = "$(TEST_HOST)";
				CODE_SIGN_STYLE = Automatic;
				INFOPLIST_FILE = DranikTests/Info.plist;
				LD_RUNPATH_SEARCH_PATHS = (
					"$(inherited)",
					"@executable_path/Frameworks",
					"@loader_path/Frameworks",
				);
				PRODUCT_BUNDLE_IDENTIFIER = by.azarov.DranikTests;
				PRODUCT_NAME = "$(TARGET_NAME)";
				SWIFT_VERSION = 5.0;
				TARGETED_DEVICE_FAMILY = "1,2";
				TEST_HOST = "$(BUILT_PRODUCTS_DIR)/Dranik.app/Dranik";
			};
			name = Release;
		};
		EC72392C2297D3D700FD8FDE /* Debug */ = {
			isa = XCBuildConfiguration;
			buildSettings = {
				ALWAYS_SEARCH_USER_PATHS = NO;
				CLANG_ANALYZER_NONNULL = YES;
				CLANG_ANALYZER_NUMBER_OBJECT_CONVERSION = YES_AGGRESSIVE;
				CLANG_CXX_LANGUAGE_STANDARD = "gnu++14";
				CLANG_CXX_LIBRARY = "libc++";
				CLANG_ENABLE_MODULES = YES;
				CLANG_ENABLE_OBJC_ARC = YES;
				CLANG_ENABLE_OBJC_WEAK = YES;
				CLANG_WARN_BLOCK_CAPTURE_AUTORELEASING = YES;
				CLANG_WARN_BOOL_CONVERSION = YES;
				CLANG_WARN_COMMA = YES;
				CLANG_WARN_CONSTANT_CONVERSION = YES;
				CLANG_WARN_DEPRECATED_OBJC_IMPLEMENTATIONS = YES;
				CLANG_WARN_DIRECT_OBJC_ISA_USAGE = YES_ERROR;
				CLANG_WARN_DOCUMENTATION_COMMENTS = YES;
				CLANG_WARN_EMPTY_BODY = YES;
				CLANG_WARN_ENUM_CONVERSION = YES;
				CLANG_WARN_INFINITE_RECURSION = YES;
				CLANG_WARN_INT_CONVERSION = YES;
				CLANG_WARN_NON_LITERAL_NULL_CONVERSION = YES;
				CLANG_WARN_OBJC_IMPLICIT_RETAIN_SELF = YES;
				CLANG_WARN_OBJC_LITERAL_CONVERSION = YES;
				CLANG_WARN_OBJC_ROOT_CLASS = YES_ERROR;
				CLANG_WARN_RANGE_LOOP_ANALYSIS = YES;
				CLANG_WARN_STRICT_PROTOTYPES = YES;
				CLANG_WARN_SUSPICIOUS_MOVE = YES;
				CLANG_WARN_UNGUARDED_AVAILABILITY = YES_AGGRESSIVE;
				CLANG_WARN_UNREACHABLE_CODE = YES;
				CLANG_WARN__DUPLICATE_METHOD_MATCH = YES;
				CODE_SIGN_IDENTITY = "iPhone Developer";
				COPY_PHASE_STRIP = NO;
				DEBUG_INFORMATION_FORMAT = dwarf;
				ENABLE_STRICT_OBJC_MSGSEND = YES;
				ENABLE_TESTABILITY = YES;
				GCC_C_LANGUAGE_STANDARD = gnu11;
				GCC_DYNAMIC_NO_PIC = NO;
				GCC_NO_COMMON_BLOCKS = YES;
				GCC_OPTIMIZATION_LEVEL = 0;
				GCC_PREPROCESSOR_DEFINITIONS = (
					"DEBUG=1",
					"$(inherited)",
				);
				GCC_WARN_64_TO_32_BIT_CONVERSION = YES;
				GCC_WARN_ABOUT_RETURN_TYPE = YES_ERROR;
				GCC_WARN_UNDECLARED_SELECTOR = YES;
				GCC_WARN_UNINITIALIZED_AUTOS = YES_AGGRESSIVE;
				GCC_WARN_UNUSED_FUNCTION = YES;
				GCC_WARN_UNUSED_VARIABLE = YES;
				IPHONEOS_DEPLOYMENT_TARGET = 12.2;
				MTL_ENABLE_DEBUG_INFO = INCLUDE_SOURCE;
				MTL_FAST_MATH = YES;
				ONLY_ACTIVE_ARCH = YES;
				SDKROOT = iphoneos;
				SWIFT_ACTIVE_COMPILATION_CONDITIONS = DEBUG;
				SWIFT_OPTIMIZATION_LEVEL = "-Onone";
			};
			name = Debug;
		};
		EC72392D2297D3D700FD8FDE /* Release */ = {
			isa = XCBuildConfiguration;
			buildSettings = {
				ALWAYS_SEARCH_USER_PATHS = NO;
				CLANG_ANALYZER_NONNULL = YES;
				CLANG_ANALYZER_NUMBER_OBJECT_CONVERSION = YES_AGGRESSIVE;
				CLANG_CXX_LANGUAGE_STANDARD = "gnu++14";
				CLANG_CXX_LIBRARY = "libc++";
				CLANG_ENABLE_MODULES = YES;
				CLANG_ENABLE_OBJC_ARC = YES;
				CLANG_ENABLE_OBJC_WEAK = YES;
				CLANG_WARN_BLOCK_CAPTURE_AUTORELEASING = YES;
				CLANG_WARN_BOOL_CONVERSION = YES;
				CLANG_WARN_COMMA = YES;
				CLANG_WARN_CONSTANT_CONVERSION = YES;
				CLANG_WARN_DEPRECATED_OBJC_IMPLEMENTATIONS = YES;
				CLANG_WARN_DIRECT_OBJC_ISA_USAGE = YES_ERROR;
				CLANG_WARN_DOCUMENTATION_COMMENTS = YES;
				CLANG_WARN_EMPTY_BODY = YES;
				CLANG_WARN_ENUM_CONVERSION = YES;
				CLANG_WARN_INFINITE_RECURSION = YES;
				CLANG_WARN_INT_CONVERSION = YES;
				CLANG_WARN_NON_LITERAL_NULL_CONVERSION = YES;
				CLANG_WARN_OBJC_IMPLICIT_RETAIN_SELF = YES;
				CLANG_WARN_OBJC_LITERAL_CONVERSION = YES;
				CLANG_WARN_OBJC_ROOT_CLASS = YES_ERROR;
				CLANG_WARN_RANGE_LOOP_ANALYSIS = YES;
				CLANG_WARN_STRICT_PROTOTYPES = YES;
				CLANG_WARN_SUSPICIOUS_MOVE = YES;
				CLANG_WARN_UNGUARDED_AVAILABILITY = YES_AGGRESSIVE;
				CLANG_WARN_UNREACHABLE_CODE = YES;
				CLANG_WARN__DUPLICATE_METHOD_MATCH = YES;
				CODE_SIGN_IDENTITY = "iPhone Developer";
				COPY_PHASE_STRIP = NO;
				DEBUG_INFORMATION_FORMAT = "dwarf-with-dsym";
				ENABLE_NS_ASSERTIONS = NO;
				ENABLE_STRICT_OBJC_MSGSEND = YES;
				GCC_C_LANGUAGE_STANDARD = gnu11;
				GCC_NO_COMMON_BLOCKS = YES;
				GCC_WARN_64_TO_32_BIT_CONVERSION = YES;
				GCC_WARN_ABOUT_RETURN_TYPE = YES_ERROR;
				GCC_WARN_UNDECLARED_SELECTOR = YES;
				GCC_WARN_UNINITIALIZED_AUTOS = YES_AGGRESSIVE;
				GCC_WARN_UNUSED_FUNCTION = YES;
				GCC_WARN_UNUSED_VARIABLE = YES;
				IPHONEOS_DEPLOYMENT_TARGET = 12.2;
				MTL_ENABLE_DEBUG_INFO = NO;
				MTL_FAST_MATH = YES;
				SDKROOT = iphoneos;
				SWIFT_COMPILATION_MODE = wholemodule;
				SWIFT_OPTIMIZATION_LEVEL = "-O";
				VALIDATE_PRODUCT = YES;
			};
			name = Release;
		};
		EC72392F2297D3D700FD8FDE /* Debug */ = {
			isa = XCBuildConfiguration;
			buildSettings = {
				ASSETCATALOG_COMPILER_APPICON_NAME = AppIcon;
				CODE_SIGN_STYLE = Automatic;
				DEVELOPMENT_TEAM = CLALR9F4Q5;
				INFOPLIST_FILE = Dranik/Info.plist;
				LD_RUNPATH_SEARCH_PATHS = (
					"$(inherited)",
					"@executable_path/Frameworks",
				);
				PRODUCT_BUNDLE_IDENTIFIER = by.azarov.Dranik;
				PRODUCT_NAME = "$(TARGET_NAME)";
				SWIFT_VERSION = 5.0;
				TARGETED_DEVICE_FAMILY = "1,2";
			};
			name = Debug;
		};
		EC7239302297D3D700FD8FDE /* Release */ = {
			isa = XCBuildConfiguration;
			buildSettings = {
				ASSETCATALOG_COMPILER_APPICON_NAME = AppIcon;
				CODE_SIGN_STYLE = Automatic;
				DEVELOPMENT_TEAM = CLALR9F4Q5;
				INFOPLIST_FILE = Dranik/Info.plist;
				LD_RUNPATH_SEARCH_PATHS = (
					"$(inherited)",
					"@executable_path/Frameworks",
				);
				PRODUCT_BUNDLE_IDENTIFIER = by.azarov.Dranik;
				PRODUCT_NAME = "$(TARGET_NAME)";
				SWIFT_VERSION = 5.0;
				TARGETED_DEVICE_FAMILY = "1,2";
			};
			name = Release;
		};
/* End XCBuildConfiguration section */

/* Begin XCConfigurationList section */
		EC13358B229C04960050B06B /* Build configuration list for PBXNativeTarget "DranikTests" */ = {
			isa = XCConfigurationList;
			buildConfigurations = (
				EC133589229C04960050B06B /* Debug */,
				EC13358A229C04960050B06B /* Release */,
			);
			defaultConfigurationIsVisible = 0;
			defaultConfigurationName = Release;
		};
		EC7239172297D3D500FD8FDE /* Build configuration list for PBXProject "Dranik" */ = {
			isa = XCConfigurationList;
			buildConfigurations = (
				EC72392C2297D3D700FD8FDE /* Debug */,
				EC72392D2297D3D700FD8FDE /* Release */,
			);
			defaultConfigurationIsVisible = 0;
			defaultConfigurationName = Release;
		};
		EC72392E2297D3D700FD8FDE /* Build configuration list for PBXNativeTarget "Dranik" */ = {
			isa = XCConfigurationList;
			buildConfigurations = (
				EC72392F2297D3D700FD8FDE /* Debug */,
				EC7239302297D3D700FD8FDE /* Release */,
			);
			defaultConfigurationIsVisible = 0;
			defaultConfigurationName = Release;
		};
/* End XCConfigurationList section */
	};
	rootObject = EC7239142297D3D500FD8FDE /* Project object */;
}
